github.com/PuerkitoBio/goquery v1.8.0 h1:PJTF7AmFCFKk1N6V6jmKfrNH9tV5pNE6lZMkG0gta/U=
github.com/PuerkitoBio/goquery v1.8.0/go.mod h1:ypIiRMtY7COPGk+I/YbZLbxsxn9g5ejnI2HSMtkjZvI=
github.com/abihf/cache-loader v0.3.0 h1:j1HbOK9DYl3GBfJgkFdTTKfp4q0WRYUaGgKFCiHu1ss=
github.com/abihf/cache-loader v0.3.0/go.mod h1:WmlW4hCRiu+dZFnoAVHw21/ZKYWQgmOtxySLJ89COIA=
github.com/andybalholm/cascadia v1.3.1 h1:nhxRkql1kdYCc8Snf7D5/D3spOX+dBgjA6u8x004T2c=
github.com/andybalholm/cascadia v1.3.1/go.mod h1:R4bJ1UQfqADjvDa4P6HZHLh/3OxWWEqc0Sk8XGwHqvA=
github.com/davecgh/go-spew v1.1.1 h1:vj9j/u1bqnvCEfJOwUhtlOARqs3+rkHYY13jYWTU97c=
github.com/go-http-utils/etag v0.0.0-20161124023236-513ea8f21eb1 h1:zga7zaRE8HCbWjcXMDlfvmQtH0/kMVLo7cQ48dy6kWg=
github.com/go-http-utils/etag v0.0.0-20161124023236-513ea8f21eb1/go.mod h1:PumS+5d59wmAGsZo6IfRpVNaJUq+6xjC4Utt/k8GO6Q=
github.com/go-http-utils/fresh v0.0.0-20161124030543-7231e26a4b27 h1:O6yi4xa9b2DMosGsXzlMe2E9qXgXCVkRLCoRX+5amxI=
github.com/go-http-utils/fresh v0.0.0-20161124030543-7231e26a4b27/go.mod h1:AYvN8omj7nKLmbcXS2dyABYU6JB1Lz1bHmkkq1kf4I4=
github.com/go-http-utils/headers v0.0.0-20181008091004-fed159eddc2a h1:v6zMvHuY9yue4+QkG/HQ/W67wvtQmWJ4SDo9aK/GIno=
github.com/go-http-utils/headers v0.0.0-20181008091004-fed159eddc2a/go.mod h1:I79BieaU4fxrw4LMXby6q5OS9XnoR9UIKLOzDFjUmuw=
github.com/hashicorp/golang-lru v0.5.4 h1:YDjusn29QI/Das2iO9M0BHnIbxPeyuCHsjMW+lJfyTc=
github.com/hashicorp/golang-lru v0.5.4/go.mod h1:iADmTwqILo4mZ8BN3D2Q6+9jd8WM5uGBxy+E8yxSoD4=
github.com/pmezard/go-difflib v1.0.0 h1:4DBwDE0NGyQoBHbLQYPwSUPoCMWR5BEzIk/f1lZbAQM=
github.com/stretchr/testify v1.7.1 h1:5TQK59W5E3v0r2duFAb7P95B6hEeOyEnHRa8MjYSMTY=
golang.org/x/net v0.0.0-20210916014120-12bc252f5db8 h1:/6y1LfuqNuQdHAm0jjtPtgRcxIxjVZgm5OTu8/QhZvk=
golang.org/x/net v0.0.0-20210916014120-12bc252f5db8/go.mod h1:9nx3DQGgdP8bBQD5qxJ1jj9UTztislL4KSBs9R2vV5Y=
golang.org/x/sys v0.0.0-20201119102817-f84b799fce68/go.mod h1:h1NjWce9XRLGQEsW7wpKNCjG9DtNlClVuFLEZdDNbEs=
golang.org/x/sys v0.0.0-20210423082822-04245dca01da/go.mod h1:h1NjWce9XRLGQEsW7wpKNCjG9DtNlClVuFLEZdDNbEs=
golang.org/x/term v0.0.0-20201126162022-7de9c90e9dd1/go.mod h1:bj7SfCRtBDWHUb9snDiAeCFNEtKQo2Wmx5Cou7ajbmo=
golang.org/x/text v0.3.6/go.mod h1:5Zoc/QRtKVWzQhOtBMvqHzDpF6irO9z98xDceosuGiQ=
golang.org/x/tools v0.0.0-20180917221912-90fa682c2a6e/go.mod h1:n7NCudcB/nEzxVGmLbDWY5pfWTLqBcC2KZ6jyYvM4mQ=
gopkg.in/yaml.v3 v3.0.0-20210107192922-496545a6307b h1:h8qDotaEPuJATrMmW04NCwg7v22aHH28wwpauUhK9Oo=
